
Microsoft Visual Studio Solution File, Format Version 12.00
# Visual Studio Version 16
VisualStudioVersion = 16.0.31911.196
MinimumVisualStudioVersion = 10.0.40219.1
Project("{9A19103F-16F7-4668-BE54-9A1E7A4F7556}") = "SvwDesign.HttpClientWrapper", "SvwDesign.HttpClientWrapper\SvwDesign.HttpClientWrapper.csproj", "{F26DAC71-1AFF-4E5E-B6EA-9F3238CFFCE6}"
EndProject
Project("{FAE04EC0-301F-11D3-BF4B-00C04F79EFBC}") = "HttpClientWrapper.HttpTests", "HttpClientWrapper.HttpTests\HttpClientWrapper.HttpTests.csproj", "{06B088EE-0777-4EF9-999B-F31E02B99A0F}"
EndProject
Global
	GlobalSection(SolutionConfigurationPlatforms) = preSolution
		Debug|Any CPU = Debug|Any CPU
		Release|Any CPU = Release|Any CPU
	EndGlobalSection
	GlobalSection(ProjectConfigurationPlatforms) = postSolution
		{F26DAC71-1AFF-4E5E-B6EA-9F3238CFFCE6}.Debug|Any CPU.ActiveCfg = Debug|Any CPU
		{F26DAC71-1AFF-4E5E-B6EA-9F3238CFFCE6}.Debug|Any CPU.Build.0 = Debug|Any CPU
		{F26DAC71-1AFF-4E5E-B6EA-9F3238CFFCE6}.Release|Any CPU.ActiveCfg = Release|Any CPU
		{F26DAC71-1AFF-4E5E-B6EA-9F3238CFFCE6}.Release|Any CPU.Build.0 = Release|Any CPU
		{06B088EE-0777-4EF9-999B-F31E02B99A0F}.Debug|Any CPU.ActiveCfg = Debug|Any CPU
		{06B088EE-0777-4EF9-999B-F31E02B99A0F}.Debug|Any CPU.Build.0 = Debug|Any CPU
		{06B088EE-0777-4EF9-999B-F31E02B99A0F}.Release|Any CPU.ActiveCfg = Release|Any CPU
		{06B088EE-0777-4EF9-999B-F31E02B99A0F}.Release|Any CPU.Build.0 = Release|Any CPU
	EndGlobalSection
	GlobalSection(SolutionProperties) = preSolution
		HideSolutionNode = FALSE
	EndGlobalSection
	GlobalSection(ExtensibilityGlobals) = postSolution
		SolutionGuid = {56C4D8B2-CDE4-4D76-B7C0-13936B09E375}
	EndGlobalSection
EndGlobal
